{
    "name": "d.a",
    "version": "1.0.0",
    "lockfileVersion": 1,
    "requires": true,
    "dependencies": {
        "dateformat": {
            "version": "2.2.0",
            "resolved": "https://registry.npmjs.org/dateformat/-/dateformat-2.2.0.tgz",
            "integrity": "sha1-QGXiATz5+5Ft39gu+1Bq1MZ2kGI="
        },
        "helper-dateformat": {
            "version": "1.0.0",
            "resolved": "https://registry.npmjs.org/helper-dateformat/-/helper-dateformat-1.0.0.tgz",
            "integrity": "sha1-syYA0utKB9TE/15FLUQRSUy2+Mc=",
            "requires": {
                "dateformat": "^2.0.0",
                "kind-of": "^3.1.0"
            }
        },
        "is-buffer": {
            "version": "1.1.6",
            "resolved": "https://registry.npmjs.org/is-buffer/-/is-buffer-1.1.6.tgz",
            "integrity": "sha512-NcdALwpXkTm5Zvvbk7owOUSvVvBKDgKP5/ewfXEznmQFfs4ZRmanOeKBTjRVjka3QFoN6XJ+9F3USqfHqTaU5w=="
        },
        "kind-of": {
            "version": "3.2.2",
            "resolved": "https://registry.npmjs.org/kind-of/-/kind-of-3.2.2.tgz",
            "integrity": "sha1-MeohpzS6ubuw8yRm2JOupR5KPGQ=",
            "requires": {
                "is-buffer": "^1.1.5"
            }
        }
    }
}
